
Microsoft Visual Studio Solution File, Format Version 12.00
# Visual Studio Version 17
VisualStudioVersion = 17.5.002.0
MinimumVisualStudioVersion = 10.0.40219.1
Project("{9A19103F-16F7-4668-BE54-9A1E7A4F7556}") = "DeShawnsDogWalking", "DeShawnsDogWalking.csproj", "{CDBA8DA3-A09B-4629-B235-242D3D57D225}"
EndProject
Global
	GlobalSection(SolutionConfigurationPlatforms) = preSolution
		Debug|Any CPU = Debug|Any CPU
		Release|Any CPU = Release|Any CPU
	EndGlobalSection
	GlobalSection(ProjectConfigurationPlatforms) = postSolution
		{CDBA8DA3-A09B-4629-B235-242D3D57D225}.Debug|Any CPU.ActiveCfg = Debug|Any CPU
		{CDBA8DA3-A09B-4629-B235-242D3D57D225}.Debug|Any CPU.Build.0 = Debug|Any CPU
		{CDBA8DA3-A09B-4629-B235-242D3D57D225}.Release|Any CPU.ActiveCfg = Release|Any CPU
		{CDBA8DA3-A09B-4629-B235-242D3D57D225}.Release|Any CPU.Build.0 = Release|Any CPU
	EndGlobalSection
	GlobalSection(SolutionProperties) = preSolution
		HideSolutionNode = FALSE
	EndGlobalSection
	GlobalSection(ExtensibilityGlobals) = postSolution
		SolutionGuid = {CFD71FCD-DC1B-4864-8CC0-53581D41EA18}
	EndGlobalSection
EndGlobal
